PODS:
  - Masonry (1.1.0)
  - TransitionKit (2.2.1)

DEPENDENCIES:
  - Masonry
  - TransitionKit

SPEC REPOS:
  https://github.com/cocoapods/specs.git:
    - Masonry
    - TransitionKit

SPEC CHECKSUMS:
  Masonry: 678fab65091a9290e40e2832a55e7ab731aad201
  TransitionKit: 9ceccda4cd0cdc0a05ef85eb235e5a3292c3c250

PODFILE CHECKSUM: 57aa08aa7a795d000bb9af477ccbee06165e8254

COCOAPODS: 1.6.1
