// !$*UTF8*$!
{
	archiveVersion = 1;
	classes = {
	};
	objectVersion = 70;
	objects = {

/* Begin PBXBuildFile section */
		BE6E3E2224BDE0DB0082EE2B /* EventController.swift in Sources */ = {isa = PBXBuildFile; fileRef = BE6E3E2124BDE0DB0082EE2B /* EventController.swift */; };
		BEE83BC920145BEB0014F6DE /* ImageTextCell.swift in Sources */ = {isa = PBXBuildFile; fileRef = BEE83BC820145BEB0014F6DE /* ImageTextCell.swift */; };
		BEFC2E242012DCA300643E6E /* AppDelegate.swift in Sources */ = {isa = PBXBuildFile; fileRef = BEFC2E232012DCA300643E6E /* AppDelegate.swift */; };
		BEFC2E262012DCA300643E6E /* ViewController.swift in Sources */ = {isa = PBXBuildFile; fileRef = BEFC2E252012DCA300643E6E /* ViewController.swift */; };
		BEFC2E292012DCA300643E6E /* Main.storyboard in Resources */ = {isa = PBXBuildFile; fileRef = BEFC2E272012DCA300643E6E /* Main.storyboard */; };
		BEFC2E2B2012DCA300643E6E /* Assets.xcassets in Resources */ = {isa = PBXBuildFile; fileRef = BEFC2E2A2012DCA300643E6E /* Assets.xcassets */; };
		BEFC2E2E2012DCA300643E6E /* LaunchScreen.storyboard in Resources */ = {isa = PBXBuildFile; fileRef = BEFC2E2C2012DCA300643E6E /* LaunchScreen.storyboard */; };
		BEFC2E392012DCA300643E6E /* FormViewTests.swift in Sources */ = {isa = PBXBuildFile; fileRef = BEFC2E382012DCA300643E6E /* FormViewTests.swift */; };
		BEFC2E442012DCA300643E6E /* FormViewUITests.swift in Sources */ = {isa = PBXBuildFile; fileRef = BEFC2E432012DCA300643E6E /* FormViewUITests.swift */; };
		BEFC2E522012DD5000643E6E /* XYRow.swift in Sources */ = {isa = PBXBuildFile; fileRef = BEFC2E512012DD5000643E6E /* XYRow.swift */; };
		BEFC2E542012DDB900643E6E /* GroupTableController.swift in Sources */ = {isa = PBXBuildFile; fileRef = BEFC2E532012DDB900643E6E /* GroupTableController.swift */; };
		BEFC2E562012DDEA00643E6E /* Extensions.swift in Sources */ = {isa = PBXBuildFile; fileRef = BEFC2E552012DDEA00643E6E /* Extensions.swift */; };
		BEFC2E59201411FE00643E6E /* TitleCell.swift in Sources */ = {isa = PBXBuildFile; fileRef = BEFC2E58201411FE00643E6E /* TitleCell.swift */; };
		BEFC2E5B201412C000643E6E /* ButtonCell.swift in Sources */ = {isa = PBXBuildFile; fileRef = BEFC2E5A201412C000643E6E /* ButtonCell.swift */; };
		BEFC2E5D2014144900643E6E /* LicenseCell.swift in Sources */ = {isa = PBXBuildFile; fileRef = BEFC2E5C2014144900643E6E /* LicenseCell.swift */; };
		BEFC2E5F201414F800643E6E /* InputCell.swift in Sources */ = {isa = PBXBuildFile; fileRef = BEFC2E5E201414F800643E6E /* InputCell.swift */; };
		BEFC2E622014166100643E6E /* DetailController.swift in Sources */ = {isa = PBXBuildFile; fileRef = BEFC2E612014166100643E6E /* DetailController.swift */; };
		BEFC2E64201416C800643E6E /* MainCell.swift in Sources */ = {isa = PBXBuildFile; fileRef = BEFC2E63201416C800643E6E /* MainCell.swift */; };
		BEFC2E6720142AF400643E6E /* ListController.swift in Sources */ = {isa = PBXBuildFile; fileRef = BEFC2E6620142AF400643E6E /* ListController.swift */; };
		BEFC2E6B201430D800643E6E /* ImageCell.swift in Sources */ = {isa = PBXBuildFile; fileRef = BEFC2E6A201430D800643E6E /* ImageCell.swift */; };
		BEFC2E6D201440E500643E6E /* TwoImageCell.swift in Sources */ = {isa = PBXBuildFile; fileRef = BEFC2E6C201440E500643E6E /* TwoImageCell.swift */; };
		BEFC2E6F2014411000643E6E /* UIHelper.swift in Sources */ = {isa = PBXBuildFile; fileRef = BEFC2E6E2014411000643E6E /* UIHelper.swift */; };
		EE81344A2E0EC22900ACA6F0 /* WebMarkdownCell.swift in Sources */ = {isa = PBXBuildFile; fileRef = EE8134492E0EC22900ACA6F0 /* WebMarkdownCell.swift */; };
		EE81344D2E0EC33500ACA6F0 /* MarkdownWebView in Frameworks */ = {isa = PBXBuildFile; productRef = EE81344C2E0EC33500ACA6F0 /* MarkdownWebView */; };
		EE8134552E0EC65B00ACA6F0 /* Markdown in Frameworks */ = {isa = PBXBuildFile; productRef = EE8134542E0EC65B00ACA6F0 /* Markdown */; };
		EE9D900D2DF2D9D900E75BF9 /* MarkdownCell.swift in Sources */ = {isa = PBXBuildFile; fileRef = EE9D900C2DF2D9D900E75BF9 /* MarkdownCell.swift */; };
		EE9D90112DF2DBFC00E75BF9 /* MarkdownUI in Frameworks */ = {isa = PBXBuildFile; productRef = EE9D90102DF2DBFC00E75BF9 /* MarkdownUI */; };
		EE9D90132DF2DC0000E75BF9 /* SnapKit in Frameworks */ = {isa = PBXBuildFile; productRef = EE9D90122DF2DC0000E75BF9 /* SnapKit */; };
/* End PBXBuildFile section */

/* Begin PBXContainerItemProxy section */
		BEFC2E352012DCA300643E6E /* PBXContainerItemProxy */ = {
			isa = PBXContainerItemProxy;
			containerPortal = BEFC2E182012DCA300643E6E /* Project object */;
			proxyType = 1;
			remoteGlobalIDString = BEFC2E1F2012DCA300643E6E;
			remoteInfo = FormView;
		};
		BEFC2E402012DCA300643E6E /* PBXContainerItemProxy */ = {
			isa = PBXContainerItemProxy;
			containerPortal = BEFC2E182012DCA300643E6E /* Project object */;
			proxyType = 1;
			remoteGlobalIDString = BEFC2E1F2012DCA300643E6E;
			remoteInfo = FormView;
		};
/* End PBXContainerItemProxy section */

/* Begin PBXFileReference section */
		BE6E3E2124BDE0DB0082EE2B /* EventController.swift */ = {isa = PBXFileReference; lastKnownFileType = sourcecode.swift; path = EventController.swift; sourceTree = "<group>"; };
		BEE83BC820145BEB0014F6DE /* ImageTextCell.swift */ = {isa = PBXFileReference; lastKnownFileType = sourcecode.swift; path = ImageTextCell.swift; sourceTree = "<group>"; };
		BEFC2E202012DCA300643E6E /* FormView.app */ = {isa = PBXFileReference; explicitFileType = wrapper.application; includeInIndex = 0; path = FormView.app; sourceTree = BUILT_PRODUCTS_DIR; };
		BEFC2E232012DCA300643E6E /* AppDelegate.swift */ = {isa = PBXFileReference; lastKnownFileType = sourcecode.swift; path = AppDelegate.swift; sourceTree = "<group>"; };
		BEFC2E252012DCA300643E6E /* ViewController.swift */ = {isa = PBXFileReference; lastKnownFileType = sourcecode.swift; path = ViewController.swift; sourceTree = "<group>"; };
		BEFC2E282012DCA300643E6E /* Base */ = {isa = PBXFileReference; lastKnownFileType = file.storyboard; name = Base; path = Base.lproj/Main.storyboard; sourceTree = "<group>"; };
		BEFC2E2A2012DCA300643E6E /* Assets.xcassets */ = {isa = PBXFileReference; lastKnownFileType = folder.assetcatalog; path = Assets.xcassets; sourceTree = "<group>"; };
		BEFC2E2D2012DCA300643E6E /* Base */ = {isa = PBXFileReference; lastKnownFileType = file.storyboard; name = Base; path = Base.lproj/LaunchScreen.storyboard; sourceTree = "<group>"; };
		BEFC2E2F2012DCA300643E6E /* Info.plist */ = {isa = PBXFileReference; lastKnownFileType = text.plist.xml; path = Info.plist; sourceTree = "<group>"; };
		BEFC2E342012DCA300643E6E /* FormViewTests.xctest */ = {isa = PBXFileReference; explicitFileType = wrapper.cfbundle; includeInIndex = 0; path = FormViewTests.xctest; sourceTree = BUILT_PRODUCTS_DIR; };
		BEFC2E382012DCA300643E6E /* FormViewTests.swift */ = {isa = PBXFileReference; lastKnownFileType = sourcecode.swift; path = FormViewTests.swift; sourceTree = "<group>"; };
		BEFC2E3A2012DCA300643E6E /* Info.plist */ = {isa = PBXFileReference; lastKnownFileType = text.plist.xml; path = Info.plist; sourceTree = "<group>"; };
		BEFC2E3F2012DCA300643E6E /* FormViewUITests.xctest */ = {isa = PBXFileReference; explicitFileType = wrapper.cfbundle; includeInIndex = 0; path = FormViewUITests.xctest; sourceTree = BUILT_PRODUCTS_DIR; };
		BEFC2E432012DCA300643E6E /* FormViewUITests.swift */ = {isa = PBXFileReference; lastKnownFileType = sourcecode.swift; path = FormViewUITests.swift; sourceTree = "<group>"; };
		BEFC2E452012DCA300643E6E /* Info.plist */ = {isa = PBXFileReference; lastKnownFileType = text.plist.xml; path = Info.plist; sourceTree = "<group>"; };
		BEFC2E512012DD5000643E6E /* XYRow.swift */ = {isa = PBXFileReference; fileEncoding = 4; lastKnownFileType = sourcecode.swift; path = XYRow.swift; sourceTree = "<group>"; };
		BEFC2E532012DDB900643E6E /* GroupTableController.swift */ = {isa = PBXFileReference; fileEncoding = 4; lastKnownFileType = sourcecode.swift; path = GroupTableController.swift; sourceTree = "<group>"; };
		BEFC2E552012DDEA00643E6E /* Extensions.swift */ = {isa = PBXFileReference; fileEncoding = 4; lastKnownFileType = sourcecode.swift; path = Extensions.swift; sourceTree = "<group>"; };
		BEFC2E58201411FE00643E6E /* TitleCell.swift */ = {isa = PBXFileReference; lastKnownFileType = sourcecode.swift; path = TitleCell.swift; sourceTree = "<group>"; };
		BEFC2E5A201412C000643E6E /* ButtonCell.swift */ = {isa = PBXFileReference; lastKnownFileType = sourcecode.swift; path = ButtonCell.swift; sourceTree = "<group>"; };
		BEFC2E5C2014144900643E6E /* LicenseCell.swift */ = {isa = PBXFileReference; lastKnownFileType = sourcecode.swift; path = LicenseCell.swift; sourceTree = "<group>"; };
		BEFC2E5E201414F800643E6E /* InputCell.swift */ = {isa = PBXFileReference; lastKnownFileType = sourcecode.swift; path = InputCell.swift; sourceTree = "<group>"; };
		BEFC2E612014166100643E6E /* DetailController.swift */ = {isa = PBXFileReference; lastKnownFileType = sourcecode.swift; path = DetailController.swift; sourceTree = "<group>"; };
		BEFC2E63201416C800643E6E /* MainCell.swift */ = {isa = PBXFileReference; lastKnownFileType = sourcecode.swift; path = MainCell.swift; sourceTree = "<group>"; };
		BEFC2E652014236400643E6E /* Bridging.h */ = {isa = PBXFileReference; lastKnownFileType = sourcecode.c.h; path = Bridging.h; sourceTree = "<group>"; };
		BEFC2E6620142AF400643E6E /* ListController.swift */ = {isa = PBXFileReference; lastKnownFileType = sourcecode.swift; path = ListController.swift; sourceTree = "<group>"; };
		BEFC2E6A201430D800643E6E /* ImageCell.swift */ = {isa = PBXFileReference; lastKnownFileType = sourcecode.swift; path = ImageCell.swift; sourceTree = "<group>"; };
		BEFC2E6C201440E500643E6E /* TwoImageCell.swift */ = {isa = PBXFileReference; lastKnownFileType = sourcecode.swift; path = TwoImageCell.swift; sourceTree = "<group>"; };
		BEFC2E6E2014411000643E6E /* UIHelper.swift */ = {isa = PBXFileReference; lastKnownFileType = sourcecode.swift; path = UIHelper.swift; sourceTree = "<group>"; };
		EE8134492E0EC22900ACA6F0 /* WebMarkdownCell.swift */ = {isa = PBXFileReference; lastKnownFileType = sourcecode.swift; path = WebMarkdownCell.swift; sourceTree = "<group>"; };
		EE9D900C2DF2D9D900E75BF9 /* MarkdownCell.swift */ = {isa = PBXFileReference; lastKnownFileType = sourcecode.swift; path = MarkdownCell.swift; sourceTree = "<group>"; };
/* End PBXFileReference section */

/* Begin PBXFileSystemSynchronizedRootGroup section */
		EE8134502E0EC61A00ACA6F0 /* Markdownosaur */ = {isa = PBXFileSystemSynchronizedRootGroup; explicitFileTypes = {}; explicitFolders = (); path = Markdownosaur; sourceTree = "<group>"; };
/* End PBXFileSystemSynchronizedRootGroup section */

/* Begin PBXFrameworksBuildPhase section */
		BEFC2E1D2012DCA300643E6E /* Frameworks */ = {
			isa = PBXFrameworksBuildPhase;
			buildActionMask = 2147483647;
			files = (
				EE81344D2E0EC33500ACA6F0 /* MarkdownWebView in Frameworks */,
				EE9D90112DF2DBFC00E75BF9 /* MarkdownUI in Frameworks */,
				EE9D90132DF2DC0000E75BF9 /* SnapKit in Frameworks */,
				EE8134552E0EC65B00ACA6F0 /* Markdown in Frameworks */,
			);
			runOnlyForDeploymentPostprocessing = 0;
		};
		BEFC2E312012DCA300643E6E /* Frameworks */ = {
			isa = PBXFrameworksBuildPhase;
			buildActionMask = 2147483647;
			files = (
			);
			runOnlyForDeploymentPostprocessing = 0;
		};
		BEFC2E3C2012DCA300643E6E /* Frameworks */ = {
			isa = PBXFrameworksBuildPhase;
			buildActionMask = 2147483647;
			files = (
			);
			runOnlyForDeploymentPostprocessing = 0;
		};
/* End PBXFrameworksBuildPhase section */

/* Begin PBXGroup section */
		BEFC2E172012DCA300643E6E = {
			isa = PBXGroup;
			children = (
				BEFC2E222012DCA300643E6E /* FormView */,
				BEFC2E372012DCA300643E6E /* FormViewTests */,
				BEFC2E422012DCA300643E6E /* FormViewUITests */,
				EE9D900F2DF2DBFC00E75BF9 /* Frameworks */,
				BEFC2E212012DCA300643E6E /* Products */,
			);
			sourceTree = "<group>";
		};
		BEFC2E212012DCA300643E6E /* Products */ = {
			isa = PBXGroup;
			children = (
				BEFC2E202012DCA300643E6E /* FormView.app */,
				BEFC2E342012DCA300643E6E /* FormViewTests.xctest */,
				BEFC2E3F2012DCA300643E6E /* FormViewUITests.xctest */,
			);
			name = Products;
			sourceTree = "<group>";
		};
		BEFC2E222012DCA300643E6E /* FormView */ = {
			isa = PBXGroup;
			children = (
				BEFC2E602014163C00643E6E /* Controllers */,
				BEFC2E57201411E700643E6E /* Cells */,
				BEFC2E552012DDEA00643E6E /* Extensions.swift */,
				BEFC2E532012DDB900643E6E /* GroupTableController.swift */,
				BEFC2E512012DD5000643E6E /* XYRow.swift */,
				BEFC2E232012DCA300643E6E /* AppDelegate.swift */,
				BEFC2E252012DCA300643E6E /* ViewController.swift */,
				BEFC2E272012DCA300643E6E /* Main.storyboard */,
				BEFC2E2A2012DCA300643E6E /* Assets.xcassets */,
				BEFC2E2C2012DCA300643E6E /* LaunchScreen.storyboard */,
				BEFC2E2F2012DCA300643E6E /* Info.plist */,
				BEFC2E652014236400643E6E /* Bridging.h */,
				BEFC2E6E2014411000643E6E /* UIHelper.swift */,
			);
			path = FormView;
			sourceTree = "<group>";
		};
		BEFC2E372012DCA300643E6E /* FormViewTests */ = {
			isa = PBXGroup;
			children = (
				BEFC2E382012DCA300643E6E /* FormViewTests.swift */,
				BEFC2E3A2012DCA300643E6E /* Info.plist */,
			);
			path = FormViewTests;
			sourceTree = "<group>";
		};
		BEFC2E422012DCA300643E6E /* FormViewUITests */ = {
			isa = PBXGroup;
			children = (
				BEFC2E432012DCA300643E6E /* FormViewUITests.swift */,
				BEFC2E452012DCA300643E6E /* Info.plist */,
			);
			path = FormViewUITests;
			sourceTree = "<group>";
		};
		BEFC2E57201411E700643E6E /* Cells */ = {
			isa = PBXGroup;
			children = (
				BEFC2E69201430AA00643E6E /* List */,
				BEFC2E682014308B00643E6E /* Detail */,
			);
			path = Cells;
			sourceTree = "<group>";
		};
		BEFC2E602014163C00643E6E /* Controllers */ = {
			isa = PBXGroup;
			children = (
				EE8134502E0EC61A00ACA6F0 /* Markdownosaur */,
				BEFC2E612014166100643E6E /* DetailController.swift */,
				BEFC2E6620142AF400643E6E /* ListController.swift */,
				BE6E3E2124BDE0DB0082EE2B /* EventController.swift */,
			);
			path = Controllers;
			sourceTree = "<group>";
		};
		BEFC2E682014308B00643E6E /* Detail */ = {
			isa = PBXGroup;
			children = (
				BEFC2E58201411FE00643E6E /* TitleCell.swift */,
				BEFC2E5A201412C000643E6E /* ButtonCell.swift */,
				BEFC2E5C2014144900643E6E /* LicenseCell.swift */,
				BEFC2E5E201414F800643E6E /* InputCell.swift */,
				BEFC2E63201416C800643E6E /* MainCell.swift */,
			);
			path = Detail;
			sourceTree = "<group>";
		};
		BEFC2E69201430AA00643E6E /* List */ = {
			isa = PBXGroup;
			children = (
				BEFC2E6A201430D800643E6E /* ImageCell.swift */,
				BEFC2E6C201440E500643E6E /* TwoImageCell.swift */,
				BEE83BC820145BEB0014F6DE /* ImageTextCell.swift */,
				EE9D900C2DF2D9D900E75BF9 /* MarkdownCell.swift */,
				EE8134492E0EC22900ACA6F0 /* WebMarkdownCell.swift */,
			);
			path = List;
			sourceTree = "<group>";
		};
		EE9D900F2DF2DBFC00E75BF9 /* Frameworks */ = {
			isa = PBXGroup;
			children = (
			);
			name = Frameworks;
			sourceTree = "<group>";
		};
/* End PBXGroup section */

/* Begin PBXNativeTarget section */
		BEFC2E1F2012DCA300643E6E /* FormView */ = {
			isa = PBXNativeTarget;
			buildConfigurationList = BEFC2E482012DCA300643E6E /* Build configuration list for PBXNativeTarget "FormView" */;
			buildPhases = (
				BEFC2E1C2012DCA300643E6E /* Sources */,
				BEFC2E1D2012DCA300643E6E /* Frameworks */,
				BEFC2E1E2012DCA300643E6E /* Resources */,
			);
			buildRules = (
			);
			dependencies = (
			);
			fileSystemSynchronizedGroups = (
				EE8134502E0EC61A00ACA6F0 /* Markdownosaur */,
			);
			name = FormView;
			productName = FormView;
			productReference = BEFC2E202012DCA300643E6E /* FormView.app */;
			productType = "com.apple.product-type.application";
		};
		BEFC2E332012DCA300643E6E /* FormViewTests */ = {
			isa = PBXNativeTarget;
			buildConfigurationList = BEFC2E4B2012DCA300643E6E /* Build configuration list for PBXNativeTarget "FormViewTests" */;
			buildPhases = (
				BEFC2E302012DCA300643E6E /* Sources */,
				BEFC2E312012DCA300643E6E /* Frameworks */,
				BEFC2E322012DCA300643E6E /* Resources */,
			);
			buildRules = (
			);
			dependencies = (
				BEFC2E362012DCA300643E6E /* PBXTargetDependency */,
			);
			name = FormViewTests;
			productName = FormViewTests;
			productReference = BEFC2E342012DCA300643E6E /* FormViewTests.xctest */;
			productType = "com.apple.product-type.bundle.unit-test";
		};
		BEFC2E3E2012DCA300643E6E /* FormViewUITests */ = {
			isa = PBXNativeTarget;
			buildConfigurationList = BEFC2E4E2012DCA300643E6E /* Build configuration list for PBXNativeTarget "FormViewUITests" */;
			buildPhases = (
				BEFC2E3B2012DCA300643E6E /* Sources */,
				BEFC2E3C2012DCA300643E6E /* Frameworks */,
				BEFC2E3D2012DCA300643E6E /* Resources */,
			);
			buildRules = (
			);
			dependencies = (
				BEFC2E412012DCA300643E6E /* PBXTargetDependency */,
			);
			name = FormViewUITests;
			productName = FormViewUITests;
			productReference = BEFC2E3F2012DCA300643E6E /* FormViewUITests.xctest */;
			productType = "com.apple.product-type.bundle.ui-testing";
		};
/* End PBXNativeTarget section */

/* Begin PBXProject section */
		BEFC2E182012DCA300643E6E /* Project object */ = {
			isa = PBXProject;
			attributes = {
				BuildIndependentTargetsInParallel = YES;
				LastSwiftUpdateCheck = 0920;
				LastUpgradeCheck = 1620;
				ORGANIZATIONNAME = "黄伯驹";
				TargetAttributes = {
					BEFC2E1F2012DCA300643E6E = {
						CreatedOnToolsVersion = 9.2;
						ProvisioningStyle = Automatic;
					};
					BEFC2E332012DCA300643E6E = {
						CreatedOnToolsVersion = 9.2;
						LastSwiftMigration = 1020;
						ProvisioningStyle = Automatic;
						TestTargetID = BEFC2E1F2012DCA300643E6E;
					};
					BEFC2E3E2012DCA300643E6E = {
						CreatedOnToolsVersion = 9.2;
						LastSwiftMigration = 1020;
						ProvisioningStyle = Automatic;
						TestTargetID = BEFC2E1F2012DCA300643E6E;
					};
				};
			};
			buildConfigurationList = BEFC2E1B2012DCA300643E6E /* Build configuration list for PBXProject "FormView" */;
			compatibilityVersion = "Xcode 8.0";
			developmentRegion = en;
			hasScannedForEncodings = 0;
			knownRegions = (
				en,
				Base,
			);
			mainGroup = BEFC2E172012DCA300643E6E;
			packageReferences = (
				EE9D900B2DF2D95000E75BF9 /* XCRemoteSwiftPackageReference "swift-markdown-ui" */,
				EE9D900E2DF2DBA200E75BF9 /* XCRemoteSwiftPackageReference "SnapKit" */,
				EE81344B2E0EC2B600ACA6F0 /* XCRemoteSwiftPackageReference "markdown-webview" */,
				EE8134532E0EC65B00ACA6F0 /* XCRemoteSwiftPackageReference "swift-markdown" */,
			);
			productRefGroup = BEFC2E212012DCA300643E6E /* Products */;
			projectDirPath = "";
			projectRoot = "";
			targets = (
				BEFC2E1F2012DCA300643E6E /* FormView */,
				BEFC2E332012DCA300643E6E /* FormViewTests */,
				BEFC2E3E2012DCA300643E6E /* FormViewUITests */,
			);
		};
/* End PBXProject section */

/* Begin PBXResourcesBuildPhase section */
		BEFC2E1E2012DCA300643E6E /* Resources */ = {
			isa = PBXResourcesBuildPhase;
			buildActionMask = 2147483647;
			files = (
				BEFC2E2E2012DCA300643E6E /* LaunchScreen.storyboard in Resources */,
				BEFC2E2B2012DCA300643E6E /* Assets.xcassets in Resources */,
				BEFC2E292012DCA300643E6E /* Main.storyboard in Resources */,
			);
			runOnlyForDeploymentPostprocessing = 0;
		};
		BEFC2E322012DCA300643E6E /* Resources */ = {
			isa = PBXResourcesBuildPhase;
			buildActionMask = 2147483647;
			files = (
			);
			runOnlyForDeploymentPostprocessing = 0;
		};
		BEFC2E3D2012DCA300643E6E /* Resources */ = {
			isa = PBXResourcesBuildPhase;
			buildActionMask = 2147483647;
			files = (
			);
			runOnlyForDeploymentPostprocessing = 0;
		};
/* End PBXResourcesBuildPhase section */

/* Begin PBXSourcesBuildPhase section */
		BEFC2E1C2012DCA300643E6E /* Sources */ = {
			isa = PBXSourcesBuildPhase;
			buildActionMask = 2147483647;
			files = (
				BEFC2E562012DDEA00643E6E /* Extensions.swift in Sources */,
				BEFC2E262012DCA300643E6E /* ViewController.swift in Sources */,
				EE9D900D2DF2D9D900E75BF9 /* MarkdownCell.swift in Sources */,
				BEFC2E522012DD5000643E6E /* XYRow.swift in Sources */,
				BEFC2E622014166100643E6E /* DetailController.swift in Sources */,
				BEFC2E542012DDB900643E6E /* GroupTableController.swift in Sources */,
				BEFC2E64201416C800643E6E /* MainCell.swift in Sources */,
				BEE83BC920145BEB0014F6DE /* ImageTextCell.swift in Sources */,
				BEFC2E5F201414F800643E6E /* InputCell.swift in Sources */,
				BEFC2E59201411FE00643E6E /* TitleCell.swift in Sources */,
				BEFC2E6F2014411000643E6E /* UIHelper.swift in Sources */,
				BEFC2E242012DCA300643E6E /* AppDelegate.swift in Sources */,
				BEFC2E5B201412C000643E6E /* ButtonCell.swift in Sources */,
				EE81344A2E0EC22900ACA6F0 /* WebMarkdownCell.swift in Sources */,
				BEFC2E5D2014144900643E6E /* LicenseCell.swift in Sources */,
				BEFC2E6720142AF400643E6E /* ListController.swift in Sources */,
				BEFC2E6D201440E500643E6E /* TwoImageCell.swift in Sources */,
				BEFC2E6B201430D800643E6E /* ImageCell.swift in Sources */,
				BE6E3E2224BDE0DB0082EE2B /* EventController.swift in Sources */,
			);
			runOnlyForDeploymentPostprocessing = 0;
		};
		BEFC2E302012DCA300643E6E /* Sources */ = {
			isa = PBXSourcesBuildPhase;
			buildActionMask = 2147483647;
			files = (
				BEFC2E392012DCA300643E6E /* FormViewTests.swift in Sources */,
			);
			runOnlyForDeploymentPostprocessing = 0;
		};
		BEFC2E3B2012DCA300643E6E /* Sources */ = {
			isa = PBXSourcesBuildPhase;
			buildActionMask = 2147483647;
			files = (
				BEFC2E442012DCA300643E6E /* FormViewUITests.swift in Sources */,
			);
			runOnlyForDeploymentPostprocessing = 0;
		};
/* End PBXSourcesBuildPhase section */

/* Begin PBXTargetDependency section */
		BEFC2E362012DCA300643E6E /* PBXTargetDependency */ = {
			isa = PBXTargetDependency;
			target = BEFC2E1F2012DCA300643E6E /* FormView */;
			targetProxy = BEFC2E352012DCA300643E6E /* PBXContainerItemProxy */;
		};
		BEFC2E412012DCA300643E6E /* PBXTargetDependency */ = {
			isa = PBXTargetDependency;
			target = BEFC2E1F2012DCA300643E6E /* FormView */;
			targetProxy = BEFC2E402012DCA300643E6E /* PBXContainerItemProxy */;
		};
/* End PBXTargetDependency section */

/* Begin PBXVariantGroup section */
		BEFC2E272012DCA300643E6E /* Main.storyboard */ = {
			isa = PBXVariantGroup;
			children = (
				BEFC2E282012DCA300643E6E /* Base */,
			);
			name = Main.storyboard;
			sourceTree = "<group>";
		};
		BEFC2E2C2012DCA300643E6E /* LaunchScreen.storyboard */ = {
			isa = PBXVariantGroup;
			children = (
				BEFC2E2D2012DCA300643E6E /* Base */,
			);
			name = LaunchScreen.storyboard;
			sourceTree = "<group>";
		};
/* End PBXVariantGroup section */

/* Begin XCBuildConfiguration section */
		BEFC2E462012DCA300643E6E /* Debug */ = {
			isa = XCBuildConfiguration;
			buildSettings = {
				ALWAYS_SEARCH_USER_PATHS = NO;
				CLANG_ANALYZER_NONNULL = YES;
				CLANG_ANALYZER_NUMBER_OBJECT_CONVERSION = YES_AGGRESSIVE;
				CLANG_CXX_LANGUAGE_STANDARD = "gnu++14";
				CLANG_CXX_LIBRARY = "libc++";
				CLANG_ENABLE_MODULES = YES;
				CLANG_ENABLE_OBJC_ARC = YES;
				CLANG_WARN_BLOCK_CAPTURE_AUTORELEASING = YES;
				CLANG_WARN_BOOL_CONVERSION = YES;
				CLANG_WARN_COMMA = YES;
				CLANG_WARN_CONSTANT_CONVERSION = YES;
				CLANG_WARN_DEPRECATED_OBJC_IMPLEMENTATIONS = YES;
				CLANG_WARN_DIRECT_OBJC_ISA_USAGE = YES_ERROR;
				CLANG_WARN_DOCUMENTATION_COMMENTS = YES;
				CLANG_WARN_EMPTY_BODY = YES;
				CLANG_WARN_ENUM_CONVERSION = YES;
				CLANG_WARN_INFINITE_RECURSION = YES;
				CLANG_WARN_INT_CONVERSION = YES;
				CLANG_WARN_NON_LITERAL_NULL_CONVERSION = YES;
				CLANG_WARN_OBJC_IMPLICIT_RETAIN_SELF = YES;
				CLANG_WARN_OBJC_LITERAL_CONVERSION = YES;
				CLANG_WARN_OBJC_ROOT_CLASS = YES_ERROR;
				CLANG_WARN_QUOTED_INCLUDE_IN_FRAMEWORK_HEADER = YES;
				CLANG_WARN_RANGE_LOOP_ANALYSIS = YES;
				CLANG_WARN_STRICT_PROTOTYPES = YES;
				CLANG_WARN_SUSPICIOUS_MOVE = YES;
				CLANG_WARN_UNGUARDED_AVAILABILITY = YES_AGGRESSIVE;
				CLANG_WARN_UNREACHABLE_CODE = YES;
				CLANG_WARN__DUPLICATE_METHOD_MATCH = YES;
				CODE_SIGN_IDENTITY = "iPhone Developer";
				COPY_PHASE_STRIP = NO;
				DEBUG_INFORMATION_FORMAT = dwarf;
				ENABLE_STRICT_OBJC_MSGSEND = YES;
				ENABLE_TESTABILITY = YES;
				ENABLE_USER_SCRIPT_SANDBOXING = YES;
				GCC_C_LANGUAGE_STANDARD = gnu11;
				GCC_DYNAMIC_NO_PIC = NO;
				GCC_NO_COMMON_BLOCKS = YES;
				GCC_OPTIMIZATION_LEVEL = 0;
				GCC_PREPROCESSOR_DEFINITIONS = (
					"DEBUG=1",
					"$(inherited)",
				);
				GCC_WARN_64_TO_32_BIT_CONVERSION = YES;
				GCC_WARN_ABOUT_RETURN_TYPE = YES_ERROR;
				GCC_WARN_UNDECLARED_SELECTOR = YES;
				GCC_WARN_UNINITIALIZED_AUTOS = YES_AGGRESSIVE;
				GCC_WARN_UNUSED_FUNCTION = YES;
				GCC_WARN_UNUSED_VARIABLE = YES;
				IPHONEOS_DEPLOYMENT_TARGET = 12.0;
				MTL_ENABLE_DEBUG_INFO = YES;
				ONLY_ACTIVE_ARCH = YES;
				SDKROOT = iphoneos;
				SWIFT_ACTIVE_COMPILATION_CONDITIONS = DEBUG;
				SWIFT_OPTIMIZATION_LEVEL = "-Onone";
			};
			name = Debug;
		};
		BEFC2E472012DCA300643E6E /* Release */ = {
			isa = XCBuildConfiguration;
			buildSettings = {
				ALWAYS_SEARCH_USER_PATHS = NO;
				CLANG_ANALYZER_NONNULL = YES;
				CLANG_ANALYZER_NUMBER_OBJECT_CONVERSION = YES_AGGRESSIVE;
				CLANG_CXX_LANGUAGE_STANDARD = "gnu++14";
				CLANG_CXX_LIBRARY = "libc++";
				CLANG_ENABLE_MODULES = YES;
				CLANG_ENABLE_OBJC_ARC = YES;
				CLANG_WARN_BLOCK_CAPTURE_AUTORELEASING = YES;
				CLANG_WARN_BOOL_CONVERSION = YES;
				CLANG_WARN_COMMA = YES;
				CLANG_WARN_CONSTANT_CONVERSION = YES;
				CLANG_WARN_DEPRECATED_OBJC_IMPLEMENTATIONS = YES;
				CLANG_WARN_DIRECT_OBJC_ISA_USAGE = YES_ERROR;
				CLANG_WARN_DOCUMENTATION_COMMENTS = YES;
				CLANG_WARN_EMPTY_BODY = YES;
				CLANG_WARN_ENUM_CONVERSION = YES;
				CLANG_WARN_INFINITE_RECURSION = YES;
				CLANG_WARN_INT_CONVERSION = YES;
				CLANG_WARN_NON_LITERAL_NULL_CONVERSION = YES;
				CLANG_WARN_OBJC_IMPLICIT_RETAIN_SELF = YES;
				CLANG_WARN_OBJC_LITERAL_CONVERSION = YES;
				CLANG_WARN_OBJC_ROOT_CLASS = YES_ERROR;
				CLANG_WARN_QUOTED_INCLUDE_IN_FRAMEWORK_HEADER = YES;
				CLANG_WARN_RANGE_LOOP_ANALYSIS = YES;
				CLANG_WARN_STRICT_PROTOTYPES = YES;
				CLANG_WARN_SUSPICIOUS_MOVE = YES;
				CLANG_WARN_UNGUARDED_AVAILABILITY = YES_AGGRESSIVE;
				CLANG_WARN_UNREACHABLE_CODE = YES;
				CLANG_WARN__DUPLICATE_METHOD_MATCH = YES;
				CODE_SIGN_IDENTITY = "iPhone Developer";
				COPY_PHASE_STRIP = NO;
				DEBUG_INFORMATION_FORMAT = "dwarf-with-dsym";
				ENABLE_NS_ASSERTIONS = NO;
				ENABLE_STRICT_OBJC_MSGSEND = YES;
				ENABLE_USER_SCRIPT_SANDBOXING = YES;
				GCC_C_LANGUAGE_STANDARD = gnu11;
				GCC_NO_COMMON_BLOCKS = YES;
				GCC_WARN_64_TO_32_BIT_CONVERSION = YES;
				GCC_WARN_ABOUT_RETURN_TYPE = YES_ERROR;
				GCC_WARN_UNDECLARED_SELECTOR = YES;
				GCC_WARN_UNINITIALIZED_AUTOS = YES_AGGRESSIVE;
				GCC_WARN_UNUSED_FUNCTION = YES;
				GCC_WARN_UNUSED_VARIABLE = YES;
				IPHONEOS_DEPLOYMENT_TARGET = 12.0;
				MTL_ENABLE_DEBUG_INFO = NO;
				SDKROOT = iphoneos;
				SWIFT_COMPILATION_MODE = wholemodule;
				SWIFT_OPTIMIZATION_LEVEL = "-O";
				VALIDATE_PRODUCT = YES;
			};
			name = Release;
		};
		BEFC2E492012DCA300643E6E /* Debug */ = {
			isa = XCBuildConfiguration;
			buildSettings = {
				ASSETCATALOG_COMPILER_APPICON_NAME = AppIcon;
				CODE_SIGN_STYLE = Automatic;
				INFOPLIST_FILE = FormView/Info.plist;
				IPHONEOS_DEPLOYMENT_TARGET = 15.6;
				LD_RUNPATH_SEARCH_PATHS = (
					"$(inherited)",
					"@executable_path/Frameworks",
				);
				PRODUCT_BUNDLE_IDENTIFIER = com.boju.FormView;
				PRODUCT_NAME = "$(TARGET_NAME)";
				SWIFT_OBJC_BRIDGING_HEADER = FormView/Bridging.h;
				SWIFT_VERSION = 5.0;
				TARGETED_DEVICE_FAMILY = "1,2";
			};
			name = Debug;
		};
		BEFC2E4A2012DCA300643E6E /* Release */ = {
			isa = XCBuildConfiguration;
			buildSettings = {
				ASSETCATALOG_COMPILER_APPICON_NAME = AppIcon;
				CODE_SIGN_STYLE = Automatic;
				INFOPLIST_FILE = FormView/Info.plist;
				IPHONEOS_DEPLOYMENT_TARGET = 15.6;
				LD_RUNPATH_SEARCH_PATHS = (
					"$(inherited)",
					"@executable_path/Frameworks",
				);
				PRODUCT_BUNDLE_IDENTIFIER = com.boju.FormView;
				PRODUCT_NAME = "$(TARGET_NAME)";
				SWIFT_OBJC_BRIDGING_HEADER = FormView/Bridging.h;
				SWIFT_VERSION = 5.0;
				TARGETED_DEVICE_FAMILY = "1,2";
			};
			name = Release;
		};
		BEFC2E4C2012DCA300643E6E /* Debug */ = {
			isa = XCBuildConfiguration;
			buildSettings = {
				BUNDLE_LOADER = "$(TEST_HOST)";
				CODE_SIGN_STYLE = Automatic;
				INFOPLIST_FILE = FormViewTests/Info.plist;
				LD_RUNPATH_SEARCH_PATHS = (
					"$(inherited)",
					"@executable_path/Frameworks",
					"@loader_path/Frameworks",
				);
				PRODUCT_BUNDLE_IDENTIFIER = com.boju.FormViewTests;
				PRODUCT_NAME = "$(TARGET_NAME)";
				SWIFT_VERSION = 5.0;
				TARGETED_DEVICE_FAMILY = "1,2";
				TEST_HOST = "$(BUILT_PRODUCTS_DIR)/FormView.app/FormView";
			};
			name = Debug;
		};
		BEFC2E4D2012DCA300643E6E /* Release */ = {
			isa = XCBuildConfiguration;
			buildSettings = {
				BUNDLE_LOADER = "$(TEST_HOST)";
				CODE_SIGN_STYLE = Automatic;
				INFOPLIST_FILE = FormViewTests/Info.plist;
				LD_RUNPATH_SEARCH_PATHS = (
					"$(inherited)",
					"@executable_path/Frameworks",
					"@loader_path/Frameworks",
				);
				PRODUCT_BUNDLE_IDENTIFIER = com.boju.FormViewTests;
				PRODUCT_NAME = "$(TARGET_NAME)";
				SWIFT_VERSION = 5.0;
				TARGETED_DEVICE_FAMILY = "1,2";
				TEST_HOST = "$(BUILT_PRODUCTS_DIR)/FormView.app/FormView";
			};
			name = Release;
		};
		BEFC2E4F2012DCA300643E6E /* Debug */ = {
			isa = XCBuildConfiguration;
			buildSettings = {
				CODE_SIGN_STYLE = Automatic;
				INFOPLIST_FILE = FormViewUITests/Info.plist;
				LD_RUNPATH_SEARCH_PATHS = (
					"$(inherited)",
					"@executable_path/Frameworks",
					"@loader_path/Frameworks",
				);
				PRODUCT_BUNDLE_IDENTIFIER = com.boju.FormViewUITests;
				PRODUCT_NAME = "$(TARGET_NAME)";
				SWIFT_VERSION = 5.0;
				TARGETED_DEVICE_FAMILY = "1,2";
				TEST_TARGET_NAME = FormView;
			};
			name = Debug;
		};
		BEFC2E502012DCA300643E6E /* Release */ = {
			isa = XCBuildConfiguration;
			buildSettings = {
				CODE_SIGN_STYLE = Automatic;
				INFOPLIST_FILE = FormViewUITests/Info.plist;
				LD_RUNPATH_SEARCH_PATHS = (
					"$(inherited)",
					"@executable_path/Frameworks",
					"@loader_path/Frameworks",
				);
				PRODUCT_BUNDLE_IDENTIFIER = com.boju.FormViewUITests;
				PRODUCT_NAME = "$(TARGET_NAME)";
				SWIFT_VERSION = 5.0;
				TARGETED_DEVICE_FAMILY = "1,2";
				TEST_TARGET_NAME = FormView;
			};
			name = Release;
		};
/* End XCBuildConfiguration section */

/* Begin XCConfigurationList section */
		BEFC2E1B2012DCA300643E6E /* Build configuration list for PBXProject "FormView" */ = {
			isa = XCConfigurationList;
			buildConfigurations = (
				BEFC2E462012DCA300643E6E /* Debug */,
				BEFC2E472012DCA300643E6E /* Release */,
			);
			defaultConfigurationIsVisible = 0;
			defaultConfigurationName = Release;
		};
		BEFC2E482012DCA300643E6E /* Build configuration list for PBXNativeTarget "FormView" */ = {
			isa = XCConfigurationList;
			buildConfigurations = (
				BEFC2E492012DCA300643E6E /* Debug */,
				BEFC2E4A2012DCA300643E6E /* Release */,
			);
			defaultConfigurationIsVisible = 0;
			defaultConfigurationName = Release;
		};
		BEFC2E4B2012DCA300643E6E /* Build configuration list for PBXNativeTarget "FormViewTests" */ = {
			isa = XCConfigurationList;
			buildConfigurations = (
				BEFC2E4C2012DCA300643E6E /* Debug */,
				BEFC2E4D2012DCA300643E6E /* Release */,
			);
			defaultConfigurationIsVisible = 0;
			defaultConfigurationName = Release;
		};
		BEFC2E4E2012DCA300643E6E /* Build configuration list for PBXNativeTarget "FormViewUITests" */ = {
			isa = XCConfigurationList;
			buildConfigurations = (
				BEFC2E4F2012DCA300643E6E /* Debug */,
				BEFC2E502012DCA300643E6E /* Release */,
			);
			defaultConfigurationIsVisible = 0;
			defaultConfigurationName = Release;
		};
/* End XCConfigurationList section */

/* Begin XCRemoteSwiftPackageReference section */
		EE81344B2E0EC2B600ACA6F0 /* XCRemoteSwiftPackageReference "markdown-webview" */ = {
			isa = XCRemoteSwiftPackageReference;
			repositoryURL = "https://github.com/tomdai/markdown-webview";
			requirement = {
				kind = upToNextMajorVersion;
				minimumVersion = 2.0.1;
			};
		};
		EE8134532E0EC65B00ACA6F0 /* XCRemoteSwiftPackageReference "swift-markdown" */ = {
			isa = XCRemoteSwiftPackageReference;
			repositoryURL = "https://github.com/swiftlang/swift-markdown.git";
			requirement = {
				kind = upToNextMajorVersion;
				minimumVersion = 0.6.0;
			};
		};
		EE9D900B2DF2D95000E75BF9 /* XCRemoteSwiftPackageReference "swift-markdown-ui" */ = {
			isa = XCRemoteSwiftPackageReference;
			repositoryURL = "https://github.com/gonzalezreal/swift-markdown-ui";
			requirement = {
				kind = upToNextMajorVersion;
				minimumVersion = 2.4.1;
			};
		};
		EE9D900E2DF2DBA200E75BF9 /* XCRemoteSwiftPackageReference "SnapKit" */ = {
			isa = XCRemoteSwiftPackageReference;
			repositoryURL = "https://github.com/SnapKit/SnapKit";
			requirement = {
				kind = upToNextMajorVersion;
				minimumVersion = 5.7.1;
			};
		};
/* End XCRemoteSwiftPackageReference section */

/* Begin XCSwiftPackageProductDependency section */
		EE81344C2E0EC33500ACA6F0 /* MarkdownWebView */ = {
			isa = XCSwiftPackageProductDependency;
			package = EE81344B2E0EC2B600ACA6F0 /* XCRemoteSwiftPackageReference "markdown-webview" */;
			productName = MarkdownWebView;
		};
		EE8134542E0EC65B00ACA6F0 /* Markdown */ = {
			isa = XCSwiftPackageProductDependency;
			package = EE8134532E0EC65B00ACA6F0 /* XCRemoteSwiftPackageReference "swift-markdown" */;
			productName = Markdown;
		};
		EE9D90102DF2DBFC00E75BF9 /* MarkdownUI */ = {
			isa = XCSwiftPackageProductDependency;
			package = EE9D900B2DF2D95000E75BF9 /* XCRemoteSwiftPackageReference "swift-markdown-ui" */;
			productName = MarkdownUI;
		};
		EE9D90122DF2DC0000E75BF9 /* SnapKit */ = {
			isa = XCSwiftPackageProductDependency;
			package = EE9D900E2DF2DBA200E75BF9 /* XCRemoteSwiftPackageReference "SnapKit" */;
			productName = SnapKit;
		};
/* End XCSwiftPackageProductDependency section */
	};
	rootObject = BEFC2E182012DCA300643E6E /* Project object */;
}
